
Microsoft Visual Studio Solution File, Format Version 12.00
# Visual Studio 14
VisualStudioVersion = 14.0.25420.1
MinimumVisualStudioVersion = 10.0.40219.1
Project("{2150E333-8FDC-42A3-9474-1A3956D46DE8}") = "misc", "misc", "{8FAEDF6F-8F53-441B-ACE1-5E8330F8CE00}"
	ProjectSection(SolutionItems) = preProject
		.gitignore = .gitignore
		README.md = README.md
		LICENSE = LICENSE
		install.sh = install.sh
		resources\p5-raw.png = resources\p5-raw.png
		FAQ.md = FAQ.md
		CHANGES.md = CHANGES.md
		build.cake = build.cake
	EndProjectSection
EndProject
Project("{2150E333-8FDC-42A3-9474-1A3956D46DE8}") = "plugins", "plugins", "{4A1BA74D-89F7-4D8F-A4A9-2C7CF544FA53}"
EndProject
Project("{2150E333-8FDC-42A3-9474-1A3956D46DE8}") = "extras", "extras", "{E0968D62-5DFE-4F03-B8B8-E4EFEDDEF16C}"
EndProject
Project("{2150E333-8FDC-42A3-9474-1A3956D46DE8}") = "core", "core", "{65EAD177-7108-4766-9B7D-5C20378DD4BE}"
	ProjectSection(SolutionItems) = preProject
		core\README.md = core\README.md
	EndProjectSection
EndProject
Project("{2150E333-8FDC-42A3-9474-1A3956D46DE8}") = "samples", "samples", "{D324EDB9-E389-4183-B7E9-B4C4D281C238}"
	ProjectSection(SolutionItems) = preProject
		samples\README.md = samples\README.md
	EndProjectSection
EndProject
Project("{FAE04EC0-301F-11D3-BF4B-00C04F79EFBC}") = "p5.lambda", "plugins\p5.lambda\p5.lambda.csproj", "{8EB5FDEA-D073-4147-AE65-376A01B463DF}"
EndProject
Project("{FAE04EC0-301F-11D3-BF4B-00C04F79EFBC}") = "p5.types", "plugins\p5.types\p5.types.csproj", "{5B8D14D0-854E-4143-AE48-C62583F49F49}"
EndProject
Project("{FAE04EC0-301F-11D3-BF4B-00C04F79EFBC}") = "p5.io", "plugins\p5.io\p5.io.csproj", "{89C744BE-B583-4C6D-84B9-941E0C7CEBF4}"
EndProject
Project("{FAE04EC0-301F-11D3-BF4B-00C04F79EFBC}") = "p5.math", "plugins\p5.math\p5.math.csproj", "{E7026921-524B-4B2E-A549-251A5AEB4D89}"
EndProject
Project("{FAE04EC0-301F-11D3-BF4B-00C04F79EFBC}") = "p5.crypto", "plugins\extras\p5.crypto\p5.crypto.csproj", "{46D8DEF8-01ED-4058-B2D5-689890865494}"
EndProject
Project("{FAE04EC0-301F-11D3-BF4B-00C04F79EFBC}") = "p5.html", "plugins\extras\p5.html\p5.html.csproj", "{68EE106A-06BF-431B-9671-DF328666E03E}"
EndProject
Project("{FAE04EC0-301F-11D3-BF4B-00C04F79EFBC}") = "p5.io.authorization", "plugins\extras\p5.io.authorization\p5.io.authorization.csproj", "{1D3C2CCC-F27C-4525-96E3-65E83D2E92A6}"
EndProject
Project("{FAE04EC0-301F-11D3-BF4B-00C04F79EFBC}") = "p5.imaging", "plugins\extras\p5.imaging\p5.imaging.csproj", "{C68B8AA9-2F95-4F6A-946F-7A4495B06145}"
EndProject
Project("{FAE04EC0-301F-11D3-BF4B-00C04F79EFBC}") = "p5.ajax", "core\p5.ajax\p5.ajax.csproj", "{11644924-3367-4812-BE60-7DA41FC9E4AE}"
EndProject
Project("{FAE04EC0-301F-11D3-BF4B-00C04F79EFBC}") = "p5.core", "core\p5.core\p5.core.csproj", "{C783FEDB-C973-4F38-8EBB-55A0163612F5}"
EndProject
Project("{FAE04EC0-301F-11D3-BF4B-00C04F79EFBC}") = "p5.exp", "core\p5.exp\p5.exp.csproj", "{1BD93466-D6D0-4E33-AC34-CA61DB5F3C1C}"
EndProject
Project("{FAE04EC0-301F-11D3-BF4B-00C04F79EFBC}") = "p5.webapp", "core\p5.webapp\p5.webapp.csproj", "{B6F3798D-ADBE-4033-A2CD-E01F3B2BF16A}"
EndProject
Project("{FAE04EC0-301F-11D3-BF4B-00C04F79EFBC}") = "lambda.exe", "core\lambda.exe\lambda.exe.csproj", "{6C5F05C3-5480-42D0-8FA3-00B8749EAC5C}"
EndProject
Project("{FAE04EC0-301F-11D3-BF4B-00C04F79EFBC}") = "p5.ajax-samples", "samples\p5.ajax-samples\p5.ajax-samples.csproj", "{344B4C0F-683B-4B29-B559-D31170EA6B96}"
EndProject
Project("{FAE04EC0-301F-11D3-BF4B-00C04F79EFBC}") = "p5.events", "plugins\p5.events\p5.events.csproj", "{8EB5FDEA-D073-4147-AE65-397A01B463DF}"
EndProject
Project("{FAE04EC0-301F-11D3-BF4B-00C04F79EFBC}") = "p5.strings", "plugins\p5.strings\p5.strings.csproj", "{8EB5FDEA-D073-4147-AE65-376A03B463DA}"
EndProject
Project("{FAE04EC0-301F-11D3-BF4B-00C04F79EFBC}") = "p5.active-event-sample", "samples\p5.active-event-sample\p5.active-event-sample.csproj", "{6C5F05C3-5480-42D0-8FA3-00B8749EA45A}"
EndProject
Project("{FAE04EC0-301F-11D3-BF4B-00C04F79EFBC}") = "p5.active-event-sample-plugin", "samples\p5.active-event-sample-plugin\p5.active-event-sample-plugin.csproj", "{8EB5FDEA-D073-4147-AE65-397A01B463AA}"
EndProject
Project("{FAE04EC0-301F-11D3-BF4B-00C04F79EFBC}") = "p5.config", "plugins\p5.config\p5.config.csproj", "{F27D30F1-86C0-4B44-8108-B3049BC94CEC}"
EndProject
Project("{FAE04EC0-301F-11D3-BF4B-00C04F79EFBC}") = "p5.hyperlambda", "plugins\p5.hyperlambda\p5.hyperlambda.csproj", "{C02D30A6-7DA2-4045-8644-9710AB40B629}"
EndProject
Project("{FAE04EC0-301F-11D3-BF4B-00C04F79EFBC}") = "p5.data", "plugins\p5.data\p5.data.csproj", "{CA83A3ED-BD5D-4557-AA1B-A7C04ABD4D4F}"
EndProject
Project("{FAE04EC0-301F-11D3-BF4B-00C04F79EFBC}") = "p5.web", "plugins\p5.web\p5.web.csproj", "{0F68BFA7-1CF7-4737-9058-CED4A9ED3427}"
EndProject
Project("{FAE04EC0-301F-11D3-BF4B-00C04F79EFBC}") = "p5.csv", "plugins\extras\p5.csv\p5.csv.csproj", "{045D3D94-7A30-445D-B578-FEE5A5BE5C3B}"
EndProject
Project("{FAE04EC0-301F-11D3-BF4B-00C04F79EFBC}") = "p5.http", "plugins\extras\p5.http\p5.http.csproj", "{378663D4-1FC1-4109-8896-F72440C6C269}"
EndProject
Project("{FAE04EC0-301F-11D3-BF4B-00C04F79EFBC}") = "p5.auth", "plugins\extras\p5.auth\p5.auth.csproj", "{1ADB1008-02F3-4D95-B1DA-628AA73B88DC}"
EndProject
Project("{FAE04EC0-301F-11D3-BF4B-00C04F79EFBC}") = "p5.mysql", "plugins\extras\p5.mysql\p5.mysql.csproj", "{5DD389EB-29B9-4965-A2F3-BF62CAAF6CB4}"
EndProject
Project("{FAE04EC0-301F-11D3-BF4B-00C04F79EFBC}") = "p5.mail", "plugins\extras\p5.mail\p5.mail.csproj", "{2ED69FBE-C3DF-434D-9C30-6641B79C4A64}"
EndProject
Project("{FAE04EC0-301F-11D3-BF4B-00C04F79EFBC}") = "p5.mime", "plugins\extras\p5.mime\p5.mime.csproj", "{2D694F51-5055-4EC8-8767-C2011E010DD5}"
EndProject
Project("{FAE04EC0-301F-11D3-BF4B-00C04F79EFBC}") = "p5.xml", "plugins\extras\p5.xml\p5.xml.csproj", "{045D3D94-7A30-445D-B578-1DE5A5BE5C3B}"
EndProject
Project("{FAE04EC0-301F-11D3-BF4B-00C04F79EFBC}") = "p5.threading", "plugins\extras\p5.threading\p5.threading.csproj", "{EF65C1FB-FCC8-43F0-90AC-39DA931268E4}"
EndProject
Project("{FAE04EC0-301F-11D3-BF4B-00C04F79EFBC}") = "p5.io.zip", "plugins\extras\p5.io.zip\p5.io.zip.csproj", "{1D57B094-2569-4899-A33A-E0A6E067EAD3}"
EndProject
Project("{FAE04EC0-301F-11D3-BF4B-00C04F79EFBC}") = "p5.markdown", "plugins\extras\p5.markdown\p5.markdown.csproj", "{045D3D94-7730-445D-B578-1DE5A5BE5C3B}"
EndProject
Project("{FAE04EC0-301F-11D3-BF4B-00C04F79EFBC}") = "p5.json", "plugins\extras\p5.json\p5.json.csproj", "{738D3E94-7A30-445D-B578-1DE5A5BE5C3B}"
EndProject
Global
	GlobalSection(SolutionConfigurationPlatforms) = preSolution
		Debug|Any CPU = Debug|Any CPU
		Release|Any CPU = Release|Any CPU
	EndGlobalSection
	GlobalSection(ProjectConfigurationPlatforms) = postSolution
		{8EB5FDEA-D073-4147-AE65-376A01B463DF}.Debug|Any CPU.ActiveCfg = Debug|Any CPU
		{8EB5FDEA-D073-4147-AE65-376A01B463DF}.Debug|Any CPU.Build.0 = Debug|Any CPU
		{8EB5FDEA-D073-4147-AE65-376A01B463DF}.Release|Any CPU.ActiveCfg = Release|Any CPU
		{8EB5FDEA-D073-4147-AE65-376A01B463DF}.Release|Any CPU.Build.0 = Release|Any CPU
		{5B8D14D0-854E-4143-AE48-C62583F49F49}.Debug|Any CPU.ActiveCfg = Debug|Any CPU
		{5B8D14D0-854E-4143-AE48-C62583F49F49}.Debug|Any CPU.Build.0 = Debug|Any CPU
		{5B8D14D0-854E-4143-AE48-C62583F49F49}.Release|Any CPU.ActiveCfg = Release|Any CPU
		{5B8D14D0-854E-4143-AE48-C62583F49F49}.Release|Any CPU.Build.0 = Release|Any CPU
		{89C744BE-B583-4C6D-84B9-941E0C7CEBF4}.Debug|Any CPU.ActiveCfg = Debug|Any CPU
		{89C744BE-B583-4C6D-84B9-941E0C7CEBF4}.Debug|Any CPU.Build.0 = Debug|Any CPU
		{89C744BE-B583-4C6D-84B9-941E0C7CEBF4}.Release|Any CPU.ActiveCfg = Release|Any CPU
		{89C744BE-B583-4C6D-84B9-941E0C7CEBF4}.Release|Any CPU.Build.0 = Release|Any CPU
		{E7026921-524B-4B2E-A549-251A5AEB4D89}.Debug|Any CPU.ActiveCfg = Debug|Any CPU
		{E7026921-524B-4B2E-A549-251A5AEB4D89}.Debug|Any CPU.Build.0 = Debug|Any CPU
		{E7026921-524B-4B2E-A549-251A5AEB4D89}.Release|Any CPU.ActiveCfg = Release|Any CPU
		{E7026921-524B-4B2E-A549-251A5AEB4D89}.Release|Any CPU.Build.0 = Release|Any CPU
		{46D8DEF8-01ED-4058-B2D5-689890865494}.Debug|Any CPU.ActiveCfg = Debug|Any CPU
		{46D8DEF8-01ED-4058-B2D5-689890865494}.Debug|Any CPU.Build.0 = Debug|Any CPU
		{46D8DEF8-01ED-4058-B2D5-689890865494}.Release|Any CPU.ActiveCfg = Release|Any CPU
		{46D8DEF8-01ED-4058-B2D5-689890865494}.Release|Any CPU.Build.0 = Release|Any CPU
		{68EE106A-06BF-431B-9671-DF328666E03E}.Debug|Any CPU.ActiveCfg = Debug|Any CPU
		{68EE106A-06BF-431B-9671-DF328666E03E}.Debug|Any CPU.Build.0 = Debug|Any CPU
		{68EE106A-06BF-431B-9671-DF328666E03E}.Release|Any CPU.ActiveCfg = Release|Any CPU
		{68EE106A-06BF-431B-9671-DF328666E03E}.Release|Any CPU.Build.0 = Release|Any CPU
		{1D3C2CCC-F27C-4525-96E3-65E83D2E92A6}.Debug|Any CPU.ActiveCfg = Debug|Any CPU
		{1D3C2CCC-F27C-4525-96E3-65E83D2E92A6}.Debug|Any CPU.Build.0 = Debug|Any CPU
		{1D3C2CCC-F27C-4525-96E3-65E83D2E92A6}.Release|Any CPU.ActiveCfg = Release|Any CPU
		{1D3C2CCC-F27C-4525-96E3-65E83D2E92A6}.Release|Any CPU.Build.0 = Release|Any CPU
		{C68B8AA9-2F95-4F6A-946F-7A4495B06145}.Debug|Any CPU.ActiveCfg = Debug|Any CPU
		{C68B8AA9-2F95-4F6A-946F-7A4495B06145}.Debug|Any CPU.Build.0 = Debug|Any CPU
		{C68B8AA9-2F95-4F6A-946F-7A4495B06145}.Release|Any CPU.ActiveCfg = Release|Any CPU
		{C68B8AA9-2F95-4F6A-946F-7A4495B06145}.Release|Any CPU.Build.0 = Release|Any CPU
		{11644924-3367-4812-BE60-7DA41FC9E4AE}.Debug|Any CPU.ActiveCfg = Debug|Any CPU
		{11644924-3367-4812-BE60-7DA41FC9E4AE}.Debug|Any CPU.Build.0 = Debug|Any CPU
		{11644924-3367-4812-BE60-7DA41FC9E4AE}.Release|Any CPU.ActiveCfg = Release|Any CPU
		{11644924-3367-4812-BE60-7DA41FC9E4AE}.Release|Any CPU.Build.0 = Release|Any CPU
		{C783FEDB-C973-4F38-8EBB-55A0163612F5}.Debug|Any CPU.ActiveCfg = Debug|Any CPU
		{C783FEDB-C973-4F38-8EBB-55A0163612F5}.Debug|Any CPU.Build.0 = Debug|Any CPU
		{C783FEDB-C973-4F38-8EBB-55A0163612F5}.Release|Any CPU.ActiveCfg = Release|Any CPU
		{C783FEDB-C973-4F38-8EBB-55A0163612F5}.Release|Any CPU.Build.0 = Release|Any CPU
		{1BD93466-D6D0-4E33-AC34-CA61DB5F3C1C}.Debug|Any CPU.ActiveCfg = Debug|Any CPU
		{1BD93466-D6D0-4E33-AC34-CA61DB5F3C1C}.Debug|Any CPU.Build.0 = Debug|Any CPU
		{1BD93466-D6D0-4E33-AC34-CA61DB5F3C1C}.Release|Any CPU.ActiveCfg = Release|Any CPU
		{1BD93466-D6D0-4E33-AC34-CA61DB5F3C1C}.Release|Any CPU.Build.0 = Release|Any CPU
		{B6F3798D-ADBE-4033-A2CD-E01F3B2BF16A}.Debug|Any CPU.ActiveCfg = Debug|Any CPU
		{B6F3798D-ADBE-4033-A2CD-E01F3B2BF16A}.Debug|Any CPU.Build.0 = Debug|Any CPU
		{B6F3798D-ADBE-4033-A2CD-E01F3B2BF16A}.Release|Any CPU.ActiveCfg = Release|Any CPU
		{B6F3798D-ADBE-4033-A2CD-E01F3B2BF16A}.Release|Any CPU.Build.0 = Release|Any CPU
		{6C5F05C3-5480-42D0-8FA3-00B8749EAC5C}.Debug|Any CPU.ActiveCfg = Debug|Any CPU
		{6C5F05C3-5480-42D0-8FA3-00B8749EAC5C}.Debug|Any CPU.Build.0 = Debug|Any CPU
		{6C5F05C3-5480-42D0-8FA3-00B8749EAC5C}.Release|Any CPU.ActiveCfg = Release|Any CPU
		{6C5F05C3-5480-42D0-8FA3-00B8749EAC5C}.Release|Any CPU.Build.0 = Release|Any CPU
		{344B4C0F-683B-4B29-B559-D31170EA6B96}.Debug|Any CPU.ActiveCfg = Debug|Any CPU
		{344B4C0F-683B-4B29-B559-D31170EA6B96}.Debug|Any CPU.Build.0 = Debug|Any CPU
		{344B4C0F-683B-4B29-B559-D31170EA6B96}.Release|Any CPU.ActiveCfg = Release|Any CPU
		{344B4C0F-683B-4B29-B559-D31170EA6B96}.Release|Any CPU.Build.0 = Release|Any CPU
		{8EB5FDEA-D073-4147-AE65-397A01B463DF}.Debug|Any CPU.ActiveCfg = Debug|Any CPU
		{8EB5FDEA-D073-4147-AE65-397A01B463DF}.Debug|Any CPU.Build.0 = Debug|Any CPU
		{8EB5FDEA-D073-4147-AE65-397A01B463DF}.Release|Any CPU.ActiveCfg = Release|Any CPU
		{8EB5FDEA-D073-4147-AE65-397A01B463DF}.Release|Any CPU.Build.0 = Release|Any CPU
		{8EB5FDEA-D073-4147-AE65-376A03B463DA}.Debug|Any CPU.ActiveCfg = Debug|Any CPU
		{8EB5FDEA-D073-4147-AE65-376A03B463DA}.Debug|Any CPU.Build.0 = Debug|Any CPU
		{8EB5FDEA-D073-4147-AE65-376A03B463DA}.Release|Any CPU.ActiveCfg = Release|Any CPU
		{8EB5FDEA-D073-4147-AE65-376A03B463DA}.Release|Any CPU.Build.0 = Release|Any CPU
		{6C5F05C3-5480-42D0-8FA3-00B8749EA45A}.Debug|Any CPU.ActiveCfg = Debug|Any CPU
		{6C5F05C3-5480-42D0-8FA3-00B8749EA45A}.Debug|Any CPU.Build.0 = Debug|Any CPU
		{6C5F05C3-5480-42D0-8FA3-00B8749EA45A}.Release|Any CPU.ActiveCfg = Release|Any CPU
		{6C5F05C3-5480-42D0-8FA3-00B8749EA45A}.Release|Any CPU.Build.0 = Release|Any CPU
		{8EB5FDEA-D073-4147-AE65-397A01B463AA}.Debug|Any CPU.ActiveCfg = Debug|Any CPU
		{8EB5FDEA-D073-4147-AE65-397A01B463AA}.Debug|Any CPU.Build.0 = Debug|Any CPU
		{8EB5FDEA-D073-4147-AE65-397A01B463AA}.Release|Any CPU.ActiveCfg = Release|Any CPU
		{8EB5FDEA-D073-4147-AE65-397A01B463AA}.Release|Any CPU.Build.0 = Release|Any CPU
		{F27D30F1-86C0-4B44-8108-B3049BC94CEC}.Debug|Any CPU.ActiveCfg = Debug|Any CPU
		{F27D30F1-86C0-4B44-8108-B3049BC94CEC}.Debug|Any CPU.Build.0 = Debug|Any CPU
		{F27D30F1-86C0-4B44-8108-B3049BC94CEC}.Release|Any CPU.ActiveCfg = Release|Any CPU
		{F27D30F1-86C0-4B44-8108-B3049BC94CEC}.Release|Any CPU.Build.0 = Release|Any CPU
		{C02D30A6-7DA2-4045-8644-9710AB40B629}.Debug|Any CPU.ActiveCfg = Debug|Any CPU
		{C02D30A6-7DA2-4045-8644-9710AB40B629}.Debug|Any CPU.Build.0 = Debug|Any CPU
		{C02D30A6-7DA2-4045-8644-9710AB40B629}.Release|Any CPU.ActiveCfg = Release|Any CPU
		{C02D30A6-7DA2-4045-8644-9710AB40B629}.Release|Any CPU.Build.0 = Release|Any CPU
		{CA83A3ED-BD5D-4557-AA1B-A7C04ABD4D4F}.Debug|Any CPU.ActiveCfg = Debug|Any CPU
		{CA83A3ED-BD5D-4557-AA1B-A7C04ABD4D4F}.Debug|Any CPU.Build.0 = Debug|Any CPU
		{CA83A3ED-BD5D-4557-AA1B-A7C04ABD4D4F}.Release|Any CPU.ActiveCfg = Release|Any CPU
		{CA83A3ED-BD5D-4557-AA1B-A7C04ABD4D4F}.Release|Any CPU.Build.0 = Release|Any CPU
		{0F68BFA7-1CF7-4737-9058-CED4A9ED3427}.Debug|Any CPU.ActiveCfg = Debug|Any CPU
		{0F68BFA7-1CF7-4737-9058-CED4A9ED3427}.Debug|Any CPU.Build.0 = Debug|Any CPU
		{0F68BFA7-1CF7-4737-9058-CED4A9ED3427}.Release|Any CPU.ActiveCfg = Release|Any CPU
		{0F68BFA7-1CF7-4737-9058-CED4A9ED3427}.Release|Any CPU.Build.0 = Release|Any CPU
		{045D3D94-7A30-445D-B578-FEE5A5BE5C3B}.Debug|Any CPU.ActiveCfg = Debug|Any CPU
		{045D3D94-7A30-445D-B578-FEE5A5BE5C3B}.Debug|Any CPU.Build.0 = Debug|Any CPU
		{045D3D94-7A30-445D-B578-FEE5A5BE5C3B}.Release|Any CPU.ActiveCfg = Release|Any CPU
		{045D3D94-7A30-445D-B578-FEE5A5BE5C3B}.Release|Any CPU.Build.0 = Release|Any CPU
		{378663D4-1FC1-4109-8896-F72440C6C269}.Debug|Any CPU.ActiveCfg = Debug|Any CPU
		{378663D4-1FC1-4109-8896-F72440C6C269}.Debug|Any CPU.Build.0 = Debug|Any CPU
		{378663D4-1FC1-4109-8896-F72440C6C269}.Release|Any CPU.ActiveCfg = Release|Any CPU
		{378663D4-1FC1-4109-8896-F72440C6C269}.Release|Any CPU.Build.0 = Release|Any CPU
		{1ADB1008-02F3-4D95-B1DA-628AA73B88DC}.Debug|Any CPU.ActiveCfg = Debug|Any CPU
		{1ADB1008-02F3-4D95-B1DA-628AA73B88DC}.Debug|Any CPU.Build.0 = Debug|Any CPU
		{1ADB1008-02F3-4D95-B1DA-628AA73B88DC}.Release|Any CPU.ActiveCfg = Release|Any CPU
		{1ADB1008-02F3-4D95-B1DA-628AA73B88DC}.Release|Any CPU.Build.0 = Release|Any CPU
		{5DD389EB-29B9-4965-A2F3-BF62CAAF6CB4}.Debug|Any CPU.ActiveCfg = Debug|Any CPU
		{5DD389EB-29B9-4965-A2F3-BF62CAAF6CB4}.Debug|Any CPU.Build.0 = Debug|Any CPU
		{5DD389EB-29B9-4965-A2F3-BF62CAAF6CB4}.Release|Any CPU.ActiveCfg = Release|Any CPU
		{5DD389EB-29B9-4965-A2F3-BF62CAAF6CB4}.Release|Any CPU.Build.0 = Release|Any CPU
		{2ED69FBE-C3DF-434D-9C30-6641B79C4A64}.Debug|Any CPU.ActiveCfg = Debug|Any CPU
		{2ED69FBE-C3DF-434D-9C30-6641B79C4A64}.Debug|Any CPU.Build.0 = Debug|Any CPU
		{2ED69FBE-C3DF-434D-9C30-6641B79C4A64}.Release|Any CPU.ActiveCfg = Release|Any CPU
		{2ED69FBE-C3DF-434D-9C30-6641B79C4A64}.Release|Any CPU.Build.0 = Release|Any CPU
		{2D694F51-5055-4EC8-8767-C2011E010DD5}.Debug|Any CPU.ActiveCfg = Debug|Any CPU
		{2D694F51-5055-4EC8-8767-C2011E010DD5}.Debug|Any CPU.Build.0 = Debug|Any CPU
		{2D694F51-5055-4EC8-8767-C2011E010DD5}.Release|Any CPU.ActiveCfg = Release|Any CPU
		{2D694F51-5055-4EC8-8767-C2011E010DD5}.Release|Any CPU.Build.0 = Release|Any CPU
		{045D3D94-7A30-445D-B578-1DE5A5BE5C3B}.Debug|Any CPU.ActiveCfg = Debug|Any CPU
		{045D3D94-7A30-445D-B578-1DE5A5BE5C3B}.Debug|Any CPU.Build.0 = Debug|Any CPU
		{045D3D94-7A30-445D-B578-1DE5A5BE5C3B}.Release|Any CPU.ActiveCfg = Release|Any CPU
		{045D3D94-7A30-445D-B578-1DE5A5BE5C3B}.Release|Any CPU.Build.0 = Release|Any CPU
		{EF65C1FB-FCC8-43F0-90AC-39DA931268E4}.Debug|Any CPU.ActiveCfg = Debug|Any CPU
		{EF65C1FB-FCC8-43F0-90AC-39DA931268E4}.Debug|Any CPU.Build.0 = Debug|Any CPU
		{EF65C1FB-FCC8-43F0-90AC-39DA931268E4}.Release|Any CPU.ActiveCfg = Release|Any CPU
		{EF65C1FB-FCC8-43F0-90AC-39DA931268E4}.Release|Any CPU.Build.0 = Release|Any CPU
		{1D57B094-2569-4899-A33A-E0A6E067EAD3}.Debug|Any CPU.ActiveCfg = Debug|Any CPU
		{1D57B094-2569-4899-A33A-E0A6E067EAD3}.Debug|Any CPU.Build.0 = Debug|Any CPU
		{1D57B094-2569-4899-A33A-E0A6E067EAD3}.Release|Any CPU.ActiveCfg = Release|Any CPU
		{1D57B094-2569-4899-A33A-E0A6E067EAD3}.Release|Any CPU.Build.0 = Release|Any CPU
		{045D3D94-7730-445D-B578-1DE5A5BE5C3B}.Debug|Any CPU.ActiveCfg = Debug|Any CPU
		{045D3D94-7730-445D-B578-1DE5A5BE5C3B}.Debug|Any CPU.Build.0 = Debug|Any CPU
		{045D3D94-7730-445D-B578-1DE5A5BE5C3B}.Release|Any CPU.ActiveCfg = Release|Any CPU
		{045D3D94-7730-445D-B578-1DE5A5BE5C3B}.Release|Any CPU.Build.0 = Release|Any CPU
		{738D3E94-7A30-445D-B578-1DE5A5BE5C3B}.Debug|Any CPU.ActiveCfg = Debug|Any CPU
		{738D3E94-7A30-445D-B578-1DE5A5BE5C3B}.Debug|Any CPU.Build.0 = Debug|Any CPU
		{738D3E94-7A30-445D-B578-1DE5A5BE5C3B}.Release|Any CPU.ActiveCfg = Release|Any CPU
		{738D3E94-7A30-445D-B578-1DE5A5BE5C3B}.Release|Any CPU.Build.0 = Release|Any CPU
	EndGlobalSection
	GlobalSection(SolutionProperties) = preSolution
		HideSolutionNode = FALSE
	EndGlobalSection
	GlobalSection(NestedProjects) = preSolution
		{E0968D62-5DFE-4F03-B8B8-E4EFEDDEF16C} = {4A1BA74D-89F7-4D8F-A4A9-2C7CF544FA53}
		{8EB5FDEA-D073-4147-AE65-376A01B463DF} = {4A1BA74D-89F7-4D8F-A4A9-2C7CF544FA53}
		{5B8D14D0-854E-4143-AE48-C62583F49F49} = {4A1BA74D-89F7-4D8F-A4A9-2C7CF544FA53}
		{89C744BE-B583-4C6D-84B9-941E0C7CEBF4} = {4A1BA74D-89F7-4D8F-A4A9-2C7CF544FA53}
		{E7026921-524B-4B2E-A549-251A5AEB4D89} = {4A1BA74D-89F7-4D8F-A4A9-2C7CF544FA53}
		{46D8DEF8-01ED-4058-B2D5-689890865494} = {E0968D62-5DFE-4F03-B8B8-E4EFEDDEF16C}
		{68EE106A-06BF-431B-9671-DF328666E03E} = {E0968D62-5DFE-4F03-B8B8-E4EFEDDEF16C}
		{1D3C2CCC-F27C-4525-96E3-65E83D2E92A6} = {E0968D62-5DFE-4F03-B8B8-E4EFEDDEF16C}
		{C68B8AA9-2F95-4F6A-946F-7A4495B06145} = {E0968D62-5DFE-4F03-B8B8-E4EFEDDEF16C}
		{11644924-3367-4812-BE60-7DA41FC9E4AE} = {65EAD177-7108-4766-9B7D-5C20378DD4BE}
		{C783FEDB-C973-4F38-8EBB-55A0163612F5} = {65EAD177-7108-4766-9B7D-5C20378DD4BE}
		{1BD93466-D6D0-4E33-AC34-CA61DB5F3C1C} = {65EAD177-7108-4766-9B7D-5C20378DD4BE}
		{B6F3798D-ADBE-4033-A2CD-E01F3B2BF16A} = {65EAD177-7108-4766-9B7D-5C20378DD4BE}
		{6C5F05C3-5480-42D0-8FA3-00B8749EAC5C} = {65EAD177-7108-4766-9B7D-5C20378DD4BE}
		{344B4C0F-683B-4B29-B559-D31170EA6B96} = {D324EDB9-E389-4183-B7E9-B4C4D281C238}
		{8EB5FDEA-D073-4147-AE65-397A01B463DF} = {4A1BA74D-89F7-4D8F-A4A9-2C7CF544FA53}
		{8EB5FDEA-D073-4147-AE65-376A03B463DA} = {4A1BA74D-89F7-4D8F-A4A9-2C7CF544FA53}
		{6C5F05C3-5480-42D0-8FA3-00B8749EA45A} = {D324EDB9-E389-4183-B7E9-B4C4D281C238}
		{8EB5FDEA-D073-4147-AE65-397A01B463AA} = {D324EDB9-E389-4183-B7E9-B4C4D281C238}
		{F27D30F1-86C0-4B44-8108-B3049BC94CEC} = {4A1BA74D-89F7-4D8F-A4A9-2C7CF544FA53}
		{C02D30A6-7DA2-4045-8644-9710AB40B629} = {4A1BA74D-89F7-4D8F-A4A9-2C7CF544FA53}
		{CA83A3ED-BD5D-4557-AA1B-A7C04ABD4D4F} = {4A1BA74D-89F7-4D8F-A4A9-2C7CF544FA53}
		{0F68BFA7-1CF7-4737-9058-CED4A9ED3427} = {4A1BA74D-89F7-4D8F-A4A9-2C7CF544FA53}
		{045D3D94-7A30-445D-B578-FEE5A5BE5C3B} = {E0968D62-5DFE-4F03-B8B8-E4EFEDDEF16C}
		{378663D4-1FC1-4109-8896-F72440C6C269} = {E0968D62-5DFE-4F03-B8B8-E4EFEDDEF16C}
		{1ADB1008-02F3-4D95-B1DA-628AA73B88DC} = {E0968D62-5DFE-4F03-B8B8-E4EFEDDEF16C}
		{5DD389EB-29B9-4965-A2F3-BF62CAAF6CB4} = {E0968D62-5DFE-4F03-B8B8-E4EFEDDEF16C}
		{2ED69FBE-C3DF-434D-9C30-6641B79C4A64} = {E0968D62-5DFE-4F03-B8B8-E4EFEDDEF16C}
		{2D694F51-5055-4EC8-8767-C2011E010DD5} = {E0968D62-5DFE-4F03-B8B8-E4EFEDDEF16C}
		{045D3D94-7A30-445D-B578-1DE5A5BE5C3B} = {E0968D62-5DFE-4F03-B8B8-E4EFEDDEF16C}
		{EF65C1FB-FCC8-43F0-90AC-39DA931268E4} = {E0968D62-5DFE-4F03-B8B8-E4EFEDDEF16C}
		{1D57B094-2569-4899-A33A-E0A6E067EAD3} = {E0968D62-5DFE-4F03-B8B8-E4EFEDDEF16C}
		{045D3D94-7730-445D-B578-1DE5A5BE5C3B} = {E0968D62-5DFE-4F03-B8B8-E4EFEDDEF16C}
		{738D3E94-7A30-445D-B578-1DE5A5BE5C3B} = {E0968D62-5DFE-4F03-B8B8-E4EFEDDEF16C}
	EndGlobalSection
	GlobalSection(MonoDevelopProperties) = preSolution
		Policies = $0
		$0.DotNetNamingPolicy = $1
		$0.TextStylePolicy = $41
		$0.TextStylePolicy = $42
		$42.scope = text/x-csharp
		$42.FileWidth = 80
		$42.TabsToSpaces = True
		$42.RemoveTrailingWhitespace = False
		$42.NoTabsAfterNonTabs = True
		$42.EolMarker = Windows
		$0.CSharpFormattingPolicy = $43
		$43.NewLinesForBracesInProperties = False
		$43.NewLinesForBracesInAccessors = False
		$43.NewLinesForBracesInAnonymousMethods = False
		$43.NewLinesForBracesInControlBlocks = False
		$43.NewLinesForBracesInAnonymousTypes = False
		$43.NewLinesForBracesInObjectCollectionArrayInitializers = False
		$43.NewLinesForBracesInLambdaExpressionBody = False
		$43.NewLineForElse = False
		$43.NewLineForCatch = False
		$43.NewLineForFinally = False
		$43.NewLineForClausesInQuery = False
		$43.SpacingAfterMethodDeclarationName = True
		$43.SpaceAfterMethodCallName = True
		$43.SpaceBeforeOpenSquareBracket = True
		$43.scope = text/x-csharp
		version = 1.0
		StartupItem = core\p5.webapp\p5.webapp.csproj
	EndGlobalSection
EndGlobal
