
Microsoft Visual Studio Solution File, Format Version 11.00
# Visual Studio 2010
Project("{2150E333-8FDC-42A3-9474-1A3956D46DE8}") = "misc", "misc", "{8FAEDF6F-8F53-441B-ACE1-5E8330F8CE00}"
	ProjectSection(SolutionItems) = preProject
		LICENSE = LICENSE
		README.md = README.md
		todo = todo
	EndProjectSection
EndProject
Project("{2150E333-8FDC-42A3-9474-1A3956D46DE8}") = "plugins", "plugins", "{4A1BA74D-89F7-4D8F-A4A9-2C7CF544FA53}"
EndProject
Project("{FAE04EC0-301F-11D3-BF4B-00C04F79EFBC}") = "phosphorus.hyperlisp", "plugins\phosphorus.hyperlisp\phosphorus.hyperlisp.csproj", "{C02D30A6-7DA2-4045-8644-9710AB40B629}"
EndProject
Project("{FAE04EC0-301F-11D3-BF4B-00C04F79EFBC}") = "phosphorus.file", "plugins\phosphorus.file\phosphorus.file.csproj", "{89C744BE-B583-4C6D-84B9-941E0C7CEBF4}"
EndProject
Project("{FAE04EC0-301F-11D3-BF4B-00C04F79EFBC}") = "phosphorus.lambda", "plugins\phosphorus.lambda\phosphorus.lambda.csproj", "{8EB5FDEA-D073-4147-AE65-376A01B463DF}"
EndProject
Project("{2150E333-8FDC-42A3-9474-1A3956D46DE8}") = "UI", "UI", "{C01D7EA5-9FE8-46D4-8382-4ADD06D9E3D0}"
EndProject
Project("{FAE04EC0-301F-11D3-BF4B-00C04F79EFBC}") = "phosphorus.web", "plugins\UI\phosphorus.web\phosphorus.web.csproj", "{0F68BFA7-1CF7-4737-9058-CED4A9ED3427}"
EndProject
Project("{FAE04EC0-301F-11D3-BF4B-00C04F79EFBC}") = "phosphorus.data", "plugins\phosphorus.data\phosphorus.data.csproj", "{CA83A3ED-BD5D-4557-AA1B-A7C04ABD4D4F}"
EndProject
Project("{FAE04EC0-301F-11D3-BF4B-00C04F79EFBC}") = "phosphorus.mongodb", "plugins\phosphorus.mongodb\phosphorus.mongodb.csproj", "{CB706162-9ED3-4CAB-863C-B8F960EC5AC6}"
EndProject
Project("{FAE04EC0-301F-11D3-BF4B-00C04F79EFBC}") = "phosphorus.crypto", "plugins\phosphorus.crypto\phosphorus.crypto.csproj", "{46D8DEF8-01ED-4058-B2D5-689890865494}"
EndProject
Project("{FAE04EC0-301F-11D3-BF4B-00C04F79EFBC}") = "phosphorus.html", "plugins\phosphorus.html\phosphorus.html.csproj", "{68EE106A-06BF-431B-9671-DF328666E03E}"
EndProject
Project("{FAE04EC0-301F-11D3-BF4B-00C04F79EFBC}") = "phosphorus.types", "plugins\phosphorus.types\phosphorus.types.csproj", "{5B8D14D0-854E-4143-AE48-C62583F49F49}"
EndProject
Project("{FAE04EC0-301F-11D3-BF4B-00C04F79EFBC}") = "phosphorus.meta", "plugins\phosphorus.meta\phosphorus.meta.csproj", "{A4DAD930-CFCA-49EA-B69B-E2C7AA74DA10}"
EndProject
Project("{2150E333-8FDC-42A3-9474-1A3956D46DE8}") = "core", "core", "{65EAD177-7108-4766-9B7D-5C20378DD4BE}"
EndProject
Project("{FAE04EC0-301F-11D3-BF4B-00C04F79EFBC}") = "phosphorus.ajax", "core\phosphorus.ajax\phosphorus.ajax.csproj", "{11644924-3367-4812-BE60-7DA41FC9E4AE}"
EndProject
Project("{FAE04EC0-301F-11D3-BF4B-00C04F79EFBC}") = "phosphorus.application-pool", "core\phosphorus.application-pool\phosphorus.application-pool.csproj", "{B6F3798D-ADBE-4033-A2CD-E01F3B2BF16A}"
EndProject
Project("{FAE04EC0-301F-11D3-BF4B-00C04F79EFBC}") = "phosphorus.core", "core\phosphorus.core\phosphorus.core.csproj", "{C783FEDB-C973-4F38-8EBB-55A0163612F5}"
EndProject
Project("{FAE04EC0-301F-11D3-BF4B-00C04F79EFBC}") = "phosphorus.exe", "core\phosphorus.exe\phosphorus.exe.csproj", "{6C5F05C3-5480-42D0-8FA3-00B8749EAC5C}"
EndProject
Project("{FAE04EC0-301F-11D3-BF4B-00C04F79EFBC}") = "phosphorus.expressions", "core\phosphorus.expressions\phosphorus.expressions.csproj", "{1BD93466-D6D0-4E33-AC34-CA61DB5F3C1C}"
EndProject
Project("{2150E333-8FDC-42A3-9474-1A3956D46DE8}") = "tests", "tests", "{548E6881-A758-4DE6-B860-CFFB6BB57518}"
EndProject
Project("{FAE04EC0-301F-11D3-BF4B-00C04F79EFBC}") = "phosphorus.unit-tests", "tests\phosphorus.unit-tests\phosphorus.unit-tests.csproj", "{D709ED7D-C599-4703-B192-613F0EFF7D97}"
EndProject
Project("{2150E333-8FDC-42A3-9474-1A3956D46DE8}") = "samples", "samples", "{D324EDB9-E389-4183-B7E9-B4C4D281C238}"
EndProject
Project("{FAE04EC0-301F-11D3-BF4B-00C04F79EFBC}") = "phosphorus.ajax.samples", "samples\phosphorus.ajax.samples\phosphorus.ajax.samples.csproj", "{344B4C0F-683B-4B29-B559-D31170EA6B96}"
EndProject
Global
	GlobalSection(SolutionConfigurationPlatforms) = preSolution
		Debug|Any CPU = Debug|Any CPU
		Release|Any CPU = Release|Any CPU
		Release-Linux|Any CPU = Release-Linux|Any CPU
	EndGlobalSection
	GlobalSection(ProjectConfigurationPlatforms) = postSolution
		{0F68BFA7-1CF7-4737-9058-CED4A9ED3427}.Debug|Any CPU.ActiveCfg = Debug|Any CPU
		{0F68BFA7-1CF7-4737-9058-CED4A9ED3427}.Debug|Any CPU.Build.0 = Debug|Any CPU
		{0F68BFA7-1CF7-4737-9058-CED4A9ED3427}.Release|Any CPU.ActiveCfg = Release|Any CPU
		{0F68BFA7-1CF7-4737-9058-CED4A9ED3427}.Release|Any CPU.Build.0 = Release|Any CPU
		{0F68BFA7-1CF7-4737-9058-CED4A9ED3427}.Release-Linux|Any CPU.ActiveCfg = Release-Linux|Any CPU
		{0F68BFA7-1CF7-4737-9058-CED4A9ED3427}.Release-Linux|Any CPU.Build.0 = Release-Linux|Any CPU
		{11644924-3367-4812-BE60-7DA41FC9E4AE}.Debug|Any CPU.ActiveCfg = Debug|Any CPU
		{11644924-3367-4812-BE60-7DA41FC9E4AE}.Debug|Any CPU.Build.0 = Debug|Any CPU
		{11644924-3367-4812-BE60-7DA41FC9E4AE}.Release|Any CPU.ActiveCfg = Release|Any CPU
		{11644924-3367-4812-BE60-7DA41FC9E4AE}.Release|Any CPU.Build.0 = Release|Any CPU
		{11644924-3367-4812-BE60-7DA41FC9E4AE}.Release-Linux|Any CPU.ActiveCfg = Release-Linux|Any CPU
		{11644924-3367-4812-BE60-7DA41FC9E4AE}.Release-Linux|Any CPU.Build.0 = Release-Linux|Any CPU
		{1BD93466-D6D0-4E33-AC34-CA61DB5F3C1C}.Debug|Any CPU.ActiveCfg = Debug|Any CPU
		{1BD93466-D6D0-4E33-AC34-CA61DB5F3C1C}.Debug|Any CPU.Build.0 = Debug|Any CPU
		{1BD93466-D6D0-4E33-AC34-CA61DB5F3C1C}.Release|Any CPU.ActiveCfg = Release|Any CPU
		{1BD93466-D6D0-4E33-AC34-CA61DB5F3C1C}.Release|Any CPU.Build.0 = Release|Any CPU
		{1BD93466-D6D0-4E33-AC34-CA61DB5F3C1C}.Release-Linux|Any CPU.ActiveCfg = Release-Linux|Any CPU
		{1BD93466-D6D0-4E33-AC34-CA61DB5F3C1C}.Release-Linux|Any CPU.Build.0 = Release-Linux|Any CPU
		{344B4C0F-683B-4B29-B559-D31170EA6B96}.Debug|Any CPU.ActiveCfg = Debug|Any CPU
		{344B4C0F-683B-4B29-B559-D31170EA6B96}.Debug|Any CPU.Build.0 = Debug|Any CPU
		{344B4C0F-683B-4B29-B559-D31170EA6B96}.Release|Any CPU.ActiveCfg = Release|Any CPU
		{344B4C0F-683B-4B29-B559-D31170EA6B96}.Release|Any CPU.Build.0 = Release|Any CPU
		{344B4C0F-683B-4B29-B559-D31170EA6B96}.Release-Linux|Any CPU.ActiveCfg = Release|Any CPU
		{344B4C0F-683B-4B29-B559-D31170EA6B96}.Release-Linux|Any CPU.Build.0 = Release|Any CPU
		{46D8DEF8-01ED-4058-B2D5-689890865494}.Debug|Any CPU.ActiveCfg = Debug|Any CPU
		{46D8DEF8-01ED-4058-B2D5-689890865494}.Debug|Any CPU.Build.0 = Debug|Any CPU
		{46D8DEF8-01ED-4058-B2D5-689890865494}.Release|Any CPU.ActiveCfg = Release|Any CPU
		{46D8DEF8-01ED-4058-B2D5-689890865494}.Release|Any CPU.Build.0 = Release|Any CPU
		{46D8DEF8-01ED-4058-B2D5-689890865494}.Release-Linux|Any CPU.ActiveCfg = Release-Linux|Any CPU
		{46D8DEF8-01ED-4058-B2D5-689890865494}.Release-Linux|Any CPU.Build.0 = Release-Linux|Any CPU
		{5B8D14D0-854E-4143-AE48-C62583F49F49}.Debug|Any CPU.ActiveCfg = Debug|Any CPU
		{5B8D14D0-854E-4143-AE48-C62583F49F49}.Debug|Any CPU.Build.0 = Debug|Any CPU
		{5B8D14D0-854E-4143-AE48-C62583F49F49}.Release|Any CPU.ActiveCfg = Release|Any CPU
		{5B8D14D0-854E-4143-AE48-C62583F49F49}.Release|Any CPU.Build.0 = Release|Any CPU
		{5B8D14D0-854E-4143-AE48-C62583F49F49}.Release-Linux|Any CPU.ActiveCfg = Release-Linux|Any CPU
		{5B8D14D0-854E-4143-AE48-C62583F49F49}.Release-Linux|Any CPU.Build.0 = Release-Linux|Any CPU
		{68EE106A-06BF-431B-9671-DF328666E03E}.Debug|Any CPU.ActiveCfg = Debug|Any CPU
		{68EE106A-06BF-431B-9671-DF328666E03E}.Debug|Any CPU.Build.0 = Debug|Any CPU
		{68EE106A-06BF-431B-9671-DF328666E03E}.Release|Any CPU.ActiveCfg = Release|Any CPU
		{68EE106A-06BF-431B-9671-DF328666E03E}.Release|Any CPU.Build.0 = Release|Any CPU
		{68EE106A-06BF-431B-9671-DF328666E03E}.Release-Linux|Any CPU.ActiveCfg = Release-Linux|Any CPU
		{68EE106A-06BF-431B-9671-DF328666E03E}.Release-Linux|Any CPU.Build.0 = Release-Linux|Any CPU
		{6C5F05C3-5480-42D0-8FA3-00B8749EAC5C}.Debug|Any CPU.ActiveCfg = Debug|Any CPU
		{6C5F05C3-5480-42D0-8FA3-00B8749EAC5C}.Debug|Any CPU.Build.0 = Debug|Any CPU
		{6C5F05C3-5480-42D0-8FA3-00B8749EAC5C}.Release|Any CPU.ActiveCfg = Release|Any CPU
		{6C5F05C3-5480-42D0-8FA3-00B8749EAC5C}.Release|Any CPU.Build.0 = Release|Any CPU
		{6C5F05C3-5480-42D0-8FA3-00B8749EAC5C}.Release-Linux|Any CPU.ActiveCfg = Release-Linux|Any CPU
		{6C5F05C3-5480-42D0-8FA3-00B8749EAC5C}.Release-Linux|Any CPU.Build.0 = Release-Linux|Any CPU
		{89C744BE-B583-4C6D-84B9-941E0C7CEBF4}.Debug|Any CPU.ActiveCfg = Debug|Any CPU
		{89C744BE-B583-4C6D-84B9-941E0C7CEBF4}.Debug|Any CPU.Build.0 = Debug|Any CPU
		{89C744BE-B583-4C6D-84B9-941E0C7CEBF4}.Release|Any CPU.ActiveCfg = Release|Any CPU
		{89C744BE-B583-4C6D-84B9-941E0C7CEBF4}.Release|Any CPU.Build.0 = Release|Any CPU
		{89C744BE-B583-4C6D-84B9-941E0C7CEBF4}.Release-Linux|Any CPU.ActiveCfg = Release-Linux|Any CPU
		{89C744BE-B583-4C6D-84B9-941E0C7CEBF4}.Release-Linux|Any CPU.Build.0 = Release-Linux|Any CPU
		{8EB5FDEA-D073-4147-AE65-376A01B463DF}.Debug|Any CPU.ActiveCfg = Debug|Any CPU
		{8EB5FDEA-D073-4147-AE65-376A01B463DF}.Debug|Any CPU.Build.0 = Debug|Any CPU
		{8EB5FDEA-D073-4147-AE65-376A01B463DF}.Release|Any CPU.ActiveCfg = Release|Any CPU
		{8EB5FDEA-D073-4147-AE65-376A01B463DF}.Release|Any CPU.Build.0 = Release|Any CPU
		{8EB5FDEA-D073-4147-AE65-376A01B463DF}.Release-Linux|Any CPU.ActiveCfg = Release-Linux|Any CPU
		{8EB5FDEA-D073-4147-AE65-376A01B463DF}.Release-Linux|Any CPU.Build.0 = Release-Linux|Any CPU
		{A4DAD930-CFCA-49EA-B69B-E2C7AA74DA10}.Debug|Any CPU.ActiveCfg = Debug|Any CPU
		{A4DAD930-CFCA-49EA-B69B-E2C7AA74DA10}.Debug|Any CPU.Build.0 = Debug|Any CPU
		{A4DAD930-CFCA-49EA-B69B-E2C7AA74DA10}.Release|Any CPU.ActiveCfg = Release|Any CPU
		{A4DAD930-CFCA-49EA-B69B-E2C7AA74DA10}.Release|Any CPU.Build.0 = Release|Any CPU
		{A4DAD930-CFCA-49EA-B69B-E2C7AA74DA10}.Release-Linux|Any CPU.ActiveCfg = Release-Linux|Any CPU
		{A4DAD930-CFCA-49EA-B69B-E2C7AA74DA10}.Release-Linux|Any CPU.Build.0 = Release-Linux|Any CPU
		{B6F3798D-ADBE-4033-A2CD-E01F3B2BF16A}.Debug|Any CPU.ActiveCfg = Debug|Any CPU
		{B6F3798D-ADBE-4033-A2CD-E01F3B2BF16A}.Debug|Any CPU.Build.0 = Debug|Any CPU
		{B6F3798D-ADBE-4033-A2CD-E01F3B2BF16A}.Release|Any CPU.ActiveCfg = Release|Any CPU
		{B6F3798D-ADBE-4033-A2CD-E01F3B2BF16A}.Release|Any CPU.Build.0 = Release|Any CPU
		{B6F3798D-ADBE-4033-A2CD-E01F3B2BF16A}.Release-Linux|Any CPU.ActiveCfg = Release|Any CPU
		{B6F3798D-ADBE-4033-A2CD-E01F3B2BF16A}.Release-Linux|Any CPU.Build.0 = Release|Any CPU
		{C02D30A6-7DA2-4045-8644-9710AB40B629}.Debug|Any CPU.ActiveCfg = Debug|Any CPU
		{C02D30A6-7DA2-4045-8644-9710AB40B629}.Debug|Any CPU.Build.0 = Debug|Any CPU
		{C02D30A6-7DA2-4045-8644-9710AB40B629}.Release|Any CPU.ActiveCfg = Release|Any CPU
		{C02D30A6-7DA2-4045-8644-9710AB40B629}.Release|Any CPU.Build.0 = Release|Any CPU
		{C02D30A6-7DA2-4045-8644-9710AB40B629}.Release-Linux|Any CPU.ActiveCfg = Release-Linux|Any CPU
		{C02D30A6-7DA2-4045-8644-9710AB40B629}.Release-Linux|Any CPU.Build.0 = Release-Linux|Any CPU
		{C783FEDB-C973-4F38-8EBB-55A0163612F5}.Debug|Any CPU.ActiveCfg = Debug|Any CPU
		{C783FEDB-C973-4F38-8EBB-55A0163612F5}.Debug|Any CPU.Build.0 = Debug|Any CPU
		{C783FEDB-C973-4F38-8EBB-55A0163612F5}.Release|Any CPU.ActiveCfg = Release|Any CPU
		{C783FEDB-C973-4F38-8EBB-55A0163612F5}.Release|Any CPU.Build.0 = Release|Any CPU
		{C783FEDB-C973-4F38-8EBB-55A0163612F5}.Release-Linux|Any CPU.ActiveCfg = Release-Linux|Any CPU
		{C783FEDB-C973-4F38-8EBB-55A0163612F5}.Release-Linux|Any CPU.Build.0 = Release-Linux|Any CPU
		{CA83A3ED-BD5D-4557-AA1B-A7C04ABD4D4F}.Debug|Any CPU.ActiveCfg = Debug|Any CPU
		{CA83A3ED-BD5D-4557-AA1B-A7C04ABD4D4F}.Debug|Any CPU.Build.0 = Debug|Any CPU
		{CA83A3ED-BD5D-4557-AA1B-A7C04ABD4D4F}.Release|Any CPU.ActiveCfg = Release|Any CPU
		{CA83A3ED-BD5D-4557-AA1B-A7C04ABD4D4F}.Release|Any CPU.Build.0 = Release|Any CPU
		{CA83A3ED-BD5D-4557-AA1B-A7C04ABD4D4F}.Release-Linux|Any CPU.ActiveCfg = Release-Linux|Any CPU
		{CA83A3ED-BD5D-4557-AA1B-A7C04ABD4D4F}.Release-Linux|Any CPU.Build.0 = Release-Linux|Any CPU
		{CB706162-9ED3-4CAB-863C-B8F960EC5AC6}.Debug|Any CPU.ActiveCfg = Debug|Any CPU
		{CB706162-9ED3-4CAB-863C-B8F960EC5AC6}.Debug|Any CPU.Build.0 = Debug|Any CPU
		{CB706162-9ED3-4CAB-863C-B8F960EC5AC6}.Release|Any CPU.ActiveCfg = Release|Any CPU
		{CB706162-9ED3-4CAB-863C-B8F960EC5AC6}.Release|Any CPU.Build.0 = Release|Any CPU
		{CB706162-9ED3-4CAB-863C-B8F960EC5AC6}.Release-Linux|Any CPU.ActiveCfg = Release-Linux|Any CPU
		{CB706162-9ED3-4CAB-863C-B8F960EC5AC6}.Release-Linux|Any CPU.Build.0 = Release-Linux|Any CPU
		{D709ED7D-C599-4703-B192-613F0EFF7D97}.Debug|Any CPU.ActiveCfg = Debug|Any CPU
		{D709ED7D-C599-4703-B192-613F0EFF7D97}.Debug|Any CPU.Build.0 = Debug|Any CPU
		{D709ED7D-C599-4703-B192-613F0EFF7D97}.Release|Any CPU.ActiveCfg = Release|Any CPU
		{D709ED7D-C599-4703-B192-613F0EFF7D97}.Release|Any CPU.Build.0 = Release|Any CPU
		{D709ED7D-C599-4703-B192-613F0EFF7D97}.Release-Linux|Any CPU.ActiveCfg = Release|Any CPU
		{D709ED7D-C599-4703-B192-613F0EFF7D97}.Release-Linux|Any CPU.Build.0 = Release|Any CPU
	EndGlobalSection
	GlobalSection(NestedProjects) = preSolution
		{C02D30A6-7DA2-4045-8644-9710AB40B629} = {4A1BA74D-89F7-4D8F-A4A9-2C7CF544FA53}
		{89C744BE-B583-4C6D-84B9-941E0C7CEBF4} = {4A1BA74D-89F7-4D8F-A4A9-2C7CF544FA53}
		{8EB5FDEA-D073-4147-AE65-376A01B463DF} = {4A1BA74D-89F7-4D8F-A4A9-2C7CF544FA53}
		{C01D7EA5-9FE8-46D4-8382-4ADD06D9E3D0} = {4A1BA74D-89F7-4D8F-A4A9-2C7CF544FA53}
		{CA83A3ED-BD5D-4557-AA1B-A7C04ABD4D4F} = {4A1BA74D-89F7-4D8F-A4A9-2C7CF544FA53}
		{CB706162-9ED3-4CAB-863C-B8F960EC5AC6} = {4A1BA74D-89F7-4D8F-A4A9-2C7CF544FA53}
		{46D8DEF8-01ED-4058-B2D5-689890865494} = {4A1BA74D-89F7-4D8F-A4A9-2C7CF544FA53}
		{68EE106A-06BF-431B-9671-DF328666E03E} = {4A1BA74D-89F7-4D8F-A4A9-2C7CF544FA53}
		{5B8D14D0-854E-4143-AE48-C62583F49F49} = {4A1BA74D-89F7-4D8F-A4A9-2C7CF544FA53}
		{A4DAD930-CFCA-49EA-B69B-E2C7AA74DA10} = {4A1BA74D-89F7-4D8F-A4A9-2C7CF544FA53}
		{0F68BFA7-1CF7-4737-9058-CED4A9ED3427} = {C01D7EA5-9FE8-46D4-8382-4ADD06D9E3D0}
		{11644924-3367-4812-BE60-7DA41FC9E4AE} = {65EAD177-7108-4766-9B7D-5C20378DD4BE}
		{B6F3798D-ADBE-4033-A2CD-E01F3B2BF16A} = {65EAD177-7108-4766-9B7D-5C20378DD4BE}
		{C783FEDB-C973-4F38-8EBB-55A0163612F5} = {65EAD177-7108-4766-9B7D-5C20378DD4BE}
		{6C5F05C3-5480-42D0-8FA3-00B8749EAC5C} = {65EAD177-7108-4766-9B7D-5C20378DD4BE}
		{1BD93466-D6D0-4E33-AC34-CA61DB5F3C1C} = {65EAD177-7108-4766-9B7D-5C20378DD4BE}
		{D709ED7D-C599-4703-B192-613F0EFF7D97} = {548E6881-A758-4DE6-B860-CFFB6BB57518}
		{344B4C0F-683B-4B29-B559-D31170EA6B96} = {D324EDB9-E389-4183-B7E9-B4C4D281C238}
	EndGlobalSection
	GlobalSection(MonoDevelopProperties) = preSolution
		StartupItem = core\phosphorus.application-pool\phosphorus.application-pool.csproj
		Policies = $0
		$0.DotNetNamingPolicy = $1
		$1.DirectoryNamespaceAssociation = None
		$1.ResourceNamePolicy = FileFormatDefault
		$0.TextStylePolicy = $2
		$2.inheritsSet = null
		$2.scope = text/x-csharp
		$0.CSharpFormattingPolicy = $3
		$3.ElseIfNewLinePlacement = SameLine
		$3.AfterDelegateDeclarationParameterComma = True
		$3.inheritsSet = Mono
		$3.inheritsScope = text/x-csharp
		$3.scope = text/x-csharp
		$0.TextStylePolicy = $4
		$4.FileWidth = 120
		$4.EolMarker = Windows
		$4.inheritsSet = VisualStudio
		$4.inheritsScope = text/plain
		$4.scope = text/plain
		$0.TextStylePolicy = $5
		$5.inheritsSet = null
		$5.scope = application/x-asax
		$0.TextStylePolicy = $6
		$6.inheritsSet = null
		$6.scope = application/config+xml
		$0.XmlFormattingPolicy = $7
		$7.inheritsSet = null
		$7.scope = application/config+xml
		$0.TextStylePolicy = $8
		$8.inheritsSet = null
		$8.scope = application/xml
		$0.XmlFormattingPolicy = $9
		$9.inheritsSet = Mono
		$9.inheritsScope = application/xml
		$9.scope = application/xml
		$0.TextStylePolicy = $10
		$10.inheritsSet = null
		$10.scope = application/x-aspx
		$0.StandardHeader = $11
		$11.Text = 
		$11.IncludeInNewFiles = True
		$0.NameConventionPolicy = $12
		$12.Rules = $13
		$13.NamingRule = $14
		$14.Name = Namespaces
		$14.AffectedEntity = Namespace
		$14.VisibilityMask = VisibilityMask
		$14.NamingStyle = PascalCase
		$14.IncludeInstanceMembers = True
		$14.IncludeStaticEntities = True
		$13.NamingRule = $15
		$15.Name = Types
		$15.AffectedEntity = Class, Struct, Enum, Delegate
		$15.VisibilityMask = Public
		$15.NamingStyle = PascalCase
		$15.IncludeInstanceMembers = True
		$15.IncludeStaticEntities = True
		$13.NamingRule = $16
		$16.Name = Interfaces
		$16.RequiredPrefixes = $17
		$17.String = I
		$16.AffectedEntity = Interface
		$16.VisibilityMask = Public
		$16.NamingStyle = PascalCase
		$16.IncludeInstanceMembers = True
		$16.IncludeStaticEntities = True
		$13.NamingRule = $18
		$18.Name = Attributes
		$18.RequiredSuffixes = $19
		$19.String = Attribute
		$18.AffectedEntity = CustomAttributes
		$18.VisibilityMask = Public
		$18.NamingStyle = PascalCase
		$18.IncludeInstanceMembers = True
		$18.IncludeStaticEntities = True
		$13.NamingRule = $20
		$20.Name = Event Arguments
		$20.RequiredSuffixes = $21
		$21.String = EventArgs
		$20.AffectedEntity = CustomEventArgs
		$20.VisibilityMask = Public
		$20.NamingStyle = PascalCase
		$20.IncludeInstanceMembers = True
		$20.IncludeStaticEntities = True
		$13.NamingRule = $22
		$22.Name = Exceptions
		$22.RequiredSuffixes = $23
		$23.String = Exception
		$22.AffectedEntity = CustomExceptions
		$22.VisibilityMask = VisibilityMask
		$22.NamingStyle = PascalCase
		$22.IncludeInstanceMembers = True
		$22.IncludeStaticEntities = True
		$13.NamingRule = $24
		$24.Name = Methods
		$24.AffectedEntity = Methods
		$24.VisibilityMask = Protected, Public
		$24.NamingStyle = PascalCase
		$24.IncludeInstanceMembers = True
		$24.IncludeStaticEntities = True
		$13.NamingRule = $25
		$25.Name = Static Readonly Fields
		$25.AffectedEntity = ReadonlyField
		$25.VisibilityMask = Protected, Public
		$25.NamingStyle = PascalCase
		$25.IncludeInstanceMembers = False
		$25.IncludeStaticEntities = True
		$13.NamingRule = $26
		$26.Name = Fields
		$26.AffectedEntity = Field
		$26.VisibilityMask = Protected, Public
		$26.NamingStyle = PascalCase
		$26.IncludeInstanceMembers = True
		$26.IncludeStaticEntities = True
		$13.NamingRule = $27
		$27.Name = ReadOnly Fields
		$27.AffectedEntity = ReadonlyField
		$27.VisibilityMask = Protected, Public
		$27.NamingStyle = PascalCase
		$27.IncludeInstanceMembers = True
		$27.IncludeStaticEntities = False
		$13.NamingRule = $28
		$28.Name = Constant Fields
		$28.AffectedEntity = ConstantField
		$28.VisibilityMask = Protected, Public
		$28.NamingStyle = PascalCase
		$28.IncludeInstanceMembers = True
		$28.IncludeStaticEntities = True
		$13.NamingRule = $29
		$29.Name = Properties
		$29.AffectedEntity = Property
		$29.VisibilityMask = Protected, Public
		$29.NamingStyle = PascalCase
		$29.IncludeInstanceMembers = True
		$29.IncludeStaticEntities = True
		$13.NamingRule = $30
		$30.Name = Events
		$30.AffectedEntity = Event
		$30.VisibilityMask = Protected, Public
		$30.NamingStyle = PascalCase
		$30.IncludeInstanceMembers = True
		$30.IncludeStaticEntities = True
		$13.NamingRule = $31
		$31.Name = Enum Members
		$31.AffectedEntity = EnumMember
		$31.VisibilityMask = VisibilityMask
		$31.NamingStyle = PascalCase
		$31.IncludeInstanceMembers = True
		$31.IncludeStaticEntities = True
		$13.NamingRule = $32
		$32.Name = Parameters
		$32.AffectedEntity = Parameter
		$32.VisibilityMask = VisibilityMask
		$32.NamingStyle = CamelCase
		$32.IncludeInstanceMembers = True
		$32.IncludeStaticEntities = True
		$13.NamingRule = $33
		$33.Name = Type Parameters
		$33.RequiredPrefixes = $34
		$34.String = T
		$33.AffectedEntity = TypeParameter
		$33.VisibilityMask = VisibilityMask
		$33.NamingStyle = PascalCase
		$33.IncludeInstanceMembers = True
		$33.IncludeStaticEntities = True
		$0.VersionControlPolicy = $35
		$35.inheritsSet = Mono
		$0.ChangeLogPolicy = $36
		$36.UpdateMode = None
		$36.MessageStyle = $37
		$37.LineAlign = 0
		$36.inheritsSet = Mono
		$0.TextStylePolicy = $38
		$38.inheritsSet = null
		$38.scope = application/javascript
	EndGlobalSection
EndGlobal
